
Microsoft Visual Studio Solution File, Format Version 12.00
# Visual Studio Version 17
VisualStudioVersion = 17.5.33414.496
MinimumVisualStudioVersion = 10.0.40219.1
Project("{FAE04EC0-301F-11D3-BF4B-00C04F79EFBC}") = "AlterraWeaponry", "AlterraWeaponry\AlterraWeaponry.csproj", "{63FE731A-D0D0-4971-9B5D-F21A11D77324}"
EndProject
Global
	GlobalSection(SolutionConfigurationPlatforms) = preSolution
		Debug|Any CPU = Debug|Any CPU
		Release|Any CPU = Release|Any CPU
	EndGlobalSection
	GlobalSection(ProjectConfigurationPlatforms) = postSolution
		{63FE731A-D0D0-4971-9B5D-F21A11D77324}.Debug|Any CPU.ActiveCfg = Debug|Any CPU
		{63FE731A-D0D0-4971-9B5D-F21A11D77324}.Debug|Any CPU.Build.0 = Debug|Any CPU
		{63FE731A-D0D0-4971-9B5D-F21A11D77324}.Release|Any CPU.ActiveCfg = Release|Any CPU
		{63FE731A-D0D0-4971-9B5D-F21A11D77324}.Release|Any CPU.Build.0 = Release|Any CPU
	EndGlobalSection
	GlobalSection(SolutionProperties) = preSolution
		HideSolutionNode = FALSE
	EndGlobalSection
	GlobalSection(ExtensibilityGlobals) = postSolution
		SolutionGuid = {B2862676-A986-4B11-85C2-29294654B8E4}
	EndGlobalSection
EndGlobal
